
Microsoft Visual Studio Solution File, Format Version 12.00
# Visual Studio Version 17
VisualStudioVersion = 17.0.31903.59
MinimumVisualStudioVersion = 10.0.40219.1
Project("{FAE04EC0-301F-11D3-BF4B-00C04F79EFBC}") = "ChineseChess.Domain", "ChineseChess.Domain\ChineseChess.Domain.csproj", "{86B3ED89-A5D9-4662-8191-998402EF59FB}"
EndProject
Project("{FAE04EC0-301F-11D3-BF4B-00C04F79EFBC}") = "ChineseChess.Application", "ChineseChess.Application\ChineseChess.Application.csproj", "{565AAB43-5374-4282-A5AF-0DCD4C48B14F}"
EndProject
Project("{FAE04EC0-301F-11D3-BF4B-00C04F79EFBC}") = "ChineseChess.Infrastructure", "ChineseChess.Infrastructure\ChineseChess.Infrastructure.csproj", "{6B60CA76-F3C0-40BB-AE52-30685E3FD94F}"
EndProject
Project("{FAE04EC0-301F-11D3-BF4B-00C04F79EFBC}") = "ChineseChess.WPF", "ChineseChess.WPF\ChineseChess.WPF.csproj", "{AA3A38FE-77BE-4A8A-849C-2C72FF5C472F}"
EndProject
Project("{FAE04EC0-301F-11D3-BF4B-00C04F79EFBC}") = "ChineseChess.Tests", "ChineseChess.Tests\ChineseChess.Tests.csproj", "{6403B3E0-D2AB-4E6D-B018-48A3966AB434}"
EndProject
Global
	GlobalSection(SolutionConfigurationPlatforms) = preSolution
		Debug|Any CPU = Debug|Any CPU
		Debug|x64 = Debug|x64
		Debug|x86 = Debug|x86
		Release|Any CPU = Release|Any CPU
		Release|x64 = Release|x64
		Release|x86 = Release|x86
	EndGlobalSection
	GlobalSection(ProjectConfigurationPlatforms) = postSolution
		{86B3ED89-A5D9-4662-8191-998402EF59FB}.Debug|Any CPU.ActiveCfg = Debug|Any CPU
		{86B3ED89-A5D9-4662-8191-998402EF59FB}.Debug|Any CPU.Build.0 = Debug|Any CPU
		{86B3ED89-A5D9-4662-8191-998402EF59FB}.Debug|x64.ActiveCfg = Debug|Any CPU
		{86B3ED89-A5D9-4662-8191-998402EF59FB}.Debug|x64.Build.0 = Debug|Any CPU
		{86B3ED89-A5D9-4662-8191-998402EF59FB}.Debug|x86.ActiveCfg = Debug|Any CPU
		{86B3ED89-A5D9-4662-8191-998402EF59FB}.Debug|x86.Build.0 = Debug|Any CPU
		{86B3ED89-A5D9-4662-8191-998402EF59FB}.Release|Any CPU.ActiveCfg = Release|Any CPU
		{86B3ED89-A5D9-4662-8191-998402EF59FB}.Release|Any CPU.Build.0 = Release|Any CPU
		{86B3ED89-A5D9-4662-8191-998402EF59FB}.Release|x64.ActiveCfg = Release|Any CPU
		{86B3ED89-A5D9-4662-8191-998402EF59FB}.Release|x64.Build.0 = Release|Any CPU
		{86B3ED89-A5D9-4662-8191-998402EF59FB}.Release|x86.ActiveCfg = Release|Any CPU
		{86B3ED89-A5D9-4662-8191-998402EF59FB}.Release|x86.Build.0 = Release|Any CPU
		{565AAB43-5374-4282-A5AF-0DCD4C48B14F}.Debug|Any CPU.ActiveCfg = Debug|Any CPU
		{565AAB43-5374-4282-A5AF-0DCD4C48B14F}.Debug|Any CPU.Build.0 = Debug|Any CPU
		{565AAB43-5374-4282-A5AF-0DCD4C48B14F}.Debug|x64.ActiveCfg = Debug|Any CPU
		{565AAB43-5374-4282-A5AF-0DCD4C48B14F}.Debug|x64.Build.0 = Debug|Any CPU
		{565AAB43-5374-4282-A5AF-0DCD4C48B14F}.Debug|x86.ActiveCfg = Debug|Any CPU
		{565AAB43-5374-4282-A5AF-0DCD4C48B14F}.Debug|x86.Build.0 = Debug|Any CPU
		{565AAB43-5374-4282-A5AF-0DCD4C48B14F}.Release|Any CPU.ActiveCfg = Release|Any CPU
		{565AAB43-5374-4282-A5AF-0DCD4C48B14F}.Release|Any CPU.Build.0 = Release|Any CPU
		{565AAB43-5374-4282-A5AF-0DCD4C48B14F}.Release|x64.ActiveCfg = Release|Any CPU
		{565AAB43-5374-4282-A5AF-0DCD4C48B14F}.Release|x64.Build.0 = Release|Any CPU
		{565AAB43-5374-4282-A5AF-0DCD4C48B14F}.Release|x86.ActiveCfg = Release|Any CPU
		{565AAB43-5374-4282-A5AF-0DCD4C48B14F}.Release|x86.Build.0 = Release|Any CPU
		{6B60CA76-F3C0-40BB-AE52-30685E3FD94F}.Debug|Any CPU.ActiveCfg = Debug|Any CPU
		{6B60CA76-F3C0-40BB-AE52-30685E3FD94F}.Debug|Any CPU.Build.0 = Debug|Any CPU
		{6B60CA76-F3C0-40BB-AE52-30685E3FD94F}.Debug|x64.ActiveCfg = Debug|Any CPU
		{6B60CA76-F3C0-40BB-AE52-30685E3FD94F}.Debug|x64.Build.0 = Debug|Any CPU
		{6B60CA76-F3C0-40BB-AE52-30685E3FD94F}.Debug|x86.ActiveCfg = Debug|Any CPU
		{6B60CA76-F3C0-40BB-AE52-30685E3FD94F}.Debug|x86.Build.0 = Debug|Any CPU
		{6B60CA76-F3C0-40BB-AE52-30685E3FD94F}.Release|Any CPU.ActiveCfg = Release|Any CPU
		{6B60CA76-F3C0-40BB-AE52-30685E3FD94F}.Release|Any CPU.Build.0 = Release|Any CPU
		{6B60CA76-F3C0-40BB-AE52-30685E3FD94F}.Release|x64.ActiveCfg = Release|Any CPU
		{6B60CA76-F3C0-40BB-AE52-30685E3FD94F}.Release|x64.Build.0 = Release|Any CPU
		{6B60CA76-F3C0-40BB-AE52-30685E3FD94F}.Release|x86.ActiveCfg = Release|Any CPU
		{6B60CA76-F3C0-40BB-AE52-30685E3FD94F}.Release|x86.Build.0 = Release|Any CPU
		{AA3A38FE-77BE-4A8A-849C-2C72FF5C472F}.Debug|Any CPU.ActiveCfg = Debug|Any CPU
		{AA3A38FE-77BE-4A8A-849C-2C72FF5C472F}.Debug|Any CPU.Build.0 = Debug|Any CPU
		{AA3A38FE-77BE-4A8A-849C-2C72FF5C472F}.Debug|x64.ActiveCfg = Debug|Any CPU
		{AA3A38FE-77BE-4A8A-849C-2C72FF5C472F}.Debug|x64.Build.0 = Debug|Any CPU
		{AA3A38FE-77BE-4A8A-849C-2C72FF5C472F}.Debug|x86.ActiveCfg = Debug|Any CPU
		{AA3A38FE-77BE-4A8A-849C-2C72FF5C472F}.Debug|x86.Build.0 = Debug|Any CPU
		{AA3A38FE-77BE-4A8A-849C-2C72FF5C472F}.Release|Any CPU.ActiveCfg = Release|Any CPU
		{AA3A38FE-77BE-4A8A-849C-2C72FF5C472F}.Release|Any CPU.Build.0 = Release|Any CPU
		{AA3A38FE-77BE-4A8A-849C-2C72FF5C472F}.Release|x64.ActiveCfg = Release|Any CPU
		{AA3A38FE-77BE-4A8A-849C-2C72FF5C472F}.Release|x64.Build.0 = Release|Any CPU
		{AA3A38FE-77BE-4A8A-849C-2C72FF5C472F}.Release|x86.ActiveCfg = Release|Any CPU
		{AA3A38FE-77BE-4A8A-849C-2C72FF5C472F}.Release|x86.Build.0 = Release|Any CPU
		{6403B3E0-D2AB-4E6D-B018-48A3966AB434}.Debug|Any CPU.ActiveCfg = Debug|Any CPU
		{6403B3E0-D2AB-4E6D-B018-48A3966AB434}.Debug|Any CPU.Build.0 = Debug|Any CPU
		{6403B3E0-D2AB-4E6D-B018-48A3966AB434}.Debug|x64.ActiveCfg = Debug|Any CPU
		{6403B3E0-D2AB-4E6D-B018-48A3966AB434}.Debug|x64.Build.0 = Debug|Any CPU
		{6403B3E0-D2AB-4E6D-B018-48A3966AB434}.Debug|x86.ActiveCfg = Debug|Any CPU
		{6403B3E0-D2AB-4E6D-B018-48A3966AB434}.Debug|x86.Build.0 = Debug|Any CPU
		{6403B3E0-D2AB-4E6D-B018-48A3966AB434}.Release|Any CPU.ActiveCfg = Release|Any CPU
		{6403B3E0-D2AB-4E6D-B018-48A3966AB434}.Release|Any CPU.Build.0 = Release|Any CPU
		{6403B3E0-D2AB-4E6D-B018-48A3966AB434}.Release|x64.ActiveCfg = Release|Any CPU
		{6403B3E0-D2AB-4E6D-B018-48A3966AB434}.Release|x64.Build.0 = Release|Any CPU
		{6403B3E0-D2AB-4E6D-B018-48A3966AB434}.Release|x86.ActiveCfg = Release|Any CPU
		{6403B3E0-D2AB-4E6D-B018-48A3966AB434}.Release|x86.Build.0 = Release|Any CPU
	EndGlobalSection
	GlobalSection(SolutionProperties) = preSolution
		HideSolutionNode = FALSE
	EndGlobalSection
EndGlobal
